
Microsoft Visual Studio Solution File, Format Version 12.00
# Visual Studio Version 16
VisualStudioVersion = 16.0.32630.194
MinimumVisualStudioVersion = 10.0.40219.1
Project("{FAE04EC0-301F-11D3-BF4B-00C04F79EFBC}") = "TamaGochi", "TamaGochi\TamaGochi.csproj", "{1B6B2234-AC7C-4C8C-BEBE-0338569D8293}"
EndProject
Global
	GlobalSection(SolutionConfigurationPlatforms) = preSolution
		Debug|Any CPU = Debug|Any CPU
		Release|Any CPU = Release|Any CPU
	EndGlobalSection
	GlobalSection(ProjectConfigurationPlatforms) = postSolution
		{1B6B2234-AC7C-4C8C-BEBE-0338569D8293}.Debug|Any CPU.ActiveCfg = Debug|Any CPU
		{1B6B2234-AC7C-4C8C-BEBE-0338569D8293}.Debug|Any CPU.Build.0 = Debug|Any CPU
		{1B6B2234-AC7C-4C8C-BEBE-0338569D8293}.Release|Any CPU.ActiveCfg = Release|Any CPU
		{1B6B2234-AC7C-4C8C-BEBE-0338569D8293}.Release|Any CPU.Build.0 = Release|Any CPU
	EndGlobalSection
	GlobalSection(SolutionProperties) = preSolution
		HideSolutionNode = FALSE
	EndGlobalSection
	GlobalSection(ExtensibilityGlobals) = postSolution
		SolutionGuid = {FFE46BB5-9F23-41B8-8D03-49D83607C68E}
	EndGlobalSection
EndGlobal
